// !$*UTF8*$!
{
	archiveVersion = 1;
	classes = {
	};
	objectVersion = 56;
	objects = {

/* Begin PBXBuildFile section */
		F5315C492C9989EC001D65C4 /* MyPortfolioApp.swift in Sources */ = {isa = PBXBuildFile; fileRef = F5315C482C9989EC001D65C4 /* MyPortfolioApp.swift */; };
		F5315C4B2C9989EC001D65C4 /* ContentView.swift in Sources */ = {isa = PBXBuildFile; fileRef = F5315C4A2C9989EC001D65C4 /* ContentView.swift */; };
		F5315C4D2C9989F2001D65C4 /* Assets.xcassets in Resources */ = {isa = PBXBuildFile; fileRef = F5315C4C2C9989F2001D65C4 /* Assets.xcassets */; };
		F5315C502C9989F2001D65C4 /* Preview Assets.xcassets in Resources */ = {isa = PBXBuildFile; fileRef = F5315C4F2C9989F2001D65C4 /* Preview Assets.xcassets */; };
		F5315C572C99C128001D65C4 /* SplashScreenView.swift in Sources */ = {isa = PBXBuildFile; fileRef = F5315C562C99C128001D65C4 /* SplashScreenView.swift */; };
		F5315C5A2C9A16CF001D65C4 /* ProfileView.swift in Sources */ = {isa = PBXBuildFile; fileRef = F5315C592C9A16CF001D65C4 /* ProfileView.swift */; };
		F5315C5C2C9A16E1001D65C4 /* CVView.swift in Sources */ = {isa = PBXBuildFile; fileRef = F5315C5B2C9A16E1001D65C4 /* CVView.swift */; };
		F5315C5E2C9A16F2001D65C4 /* ProjectsView.swift in Sources */ = {isa = PBXBuildFile; fileRef = F5315C5D2C9A16F2001D65C4 /* ProjectsView.swift */; };
		F5315C602C9A23FE001D65C4 /* ProjectDetailView.swift in Sources */ = {isa = PBXBuildFile; fileRef = F5315C5F2C9A23FE001D65C4 /* ProjectDetailView.swift */; };
		F5315C622C9AD46D001D65C4 /* ProjectItemView.swift in Sources */ = {isa = PBXBuildFile; fileRef = F5315C612C9AD46D001D65C4 /* ProjectItemView.swift */; };
		F5315C642C9AFDCD001D65C4 /* MyInfoView.swift in Sources */ = {isa = PBXBuildFile; fileRef = F5315C632C9AFDCD001D65C4 /* MyInfoView.swift */; };
		F5315C662C9AFE4C001D65C4 /* ReferencesView.swift in Sources */ = {isa = PBXBuildFile; fileRef = F5315C652C9AFE4C001D65C4 /* ReferencesView.swift */; };
		F5315C682C9B06A8001D65C4 /* NavBarView.swift in Sources */ = {isa = PBXBuildFile; fileRef = F5315C672C9B06A8001D65C4 /* NavBarView.swift */; };
		F5315C6C2C9B0A3E001D65C4 /* MailManagerView.swift in Sources */ = {isa = PBXBuildFile; fileRef = F5315C6B2C9B0A3E001D65C4 /* MailManagerView.swift */; };
		F571A99F2C9D756F007DA470 /* CareerOverviewView.swift in Sources */ = {isa = PBXBuildFile; fileRef = F571A99E2C9D756F007DA470 /* CareerOverviewView.swift */; };
/* End PBXBuildFile section */

/* Begin PBXFileReference section */
		F5315C452C9989EC001D65C4 /* MyPortfolio.app */ = {isa = PBXFileReference; explicitFileType = wrapper.application; includeInIndex = 0; path = MyPortfolio.app; sourceTree = BUILT_PRODUCTS_DIR; };
		F5315C482C9989EC001D65C4 /* MyPortfolioApp.swift */ = {isa = PBXFileReference; lastKnownFileType = sourcecode.swift; path = MyPortfolioApp.swift; sourceTree = "<group>"; };
		F5315C4A2C9989EC001D65C4 /* ContentView.swift */ = {isa = PBXFileReference; lastKnownFileType = sourcecode.swift; path = ContentView.swift; sourceTree = "<group>"; };
		F5315C4C2C9989F2001D65C4 /* Assets.xcassets */ = {isa = PBXFileReference; lastKnownFileType = folder.assetcatalog; path = Assets.xcassets; sourceTree = "<group>"; };
		F5315C4F2C9989F2001D65C4 /* Preview Assets.xcassets */ = {isa = PBXFileReference; lastKnownFileType = folder.assetcatalog; path = "Preview Assets.xcassets"; sourceTree = "<group>"; };
		F5315C562C99C128001D65C4 /* SplashScreenView.swift */ = {isa = PBXFileReference; lastKnownFileType = sourcecode.swift; path = SplashScreenView.swift; sourceTree = "<group>"; };
		F5315C592C9A16CF001D65C4 /* ProfileView.swift */ = {isa = PBXFileReference; lastKnownFileType = sourcecode.swift; path = ProfileView.swift; sourceTree = "<group>"; };
		F5315C5B2C9A16E1001D65C4 /* CVView.swift */ = {isa = PBXFileReference; lastKnownFileType = sourcecode.swift; path = CVView.swift; sourceTree = "<group>"; };
		F5315C5D2C9A16F2001D65C4 /* ProjectsView.swift */ = {isa = PBXFileReference; lastKnownFileType = sourcecode.swift; path = ProjectsView.swift; sourceTree = "<group>"; };
		F5315C5F2C9A23FE001D65C4 /* ProjectDetailView.swift */ = {isa = PBXFileReference; lastKnownFileType = sourcecode.swift; path = ProjectDetailView.swift; sourceTree = "<group>"; };
		F5315C612C9AD46D001D65C4 /* ProjectItemView.swift */ = {isa = PBXFileReference; lastKnownFileType = sourcecode.swift; path = ProjectItemView.swift; sourceTree = "<group>"; };
		F5315C632C9AFDCD001D65C4 /* MyInfoView.swift */ = {isa = PBXFileReference; lastKnownFileType = sourcecode.swift; path = MyInfoView.swift; sourceTree = "<group>"; };
		F5315C652C9AFE4C001D65C4 /* ReferencesView.swift */ = {isa = PBXFileReference; lastKnownFileType = sourcecode.swift; path = ReferencesView.swift; sourceTree = "<group>"; };
		F5315C672C9B06A8001D65C4 /* NavBarView.swift */ = {isa = PBXFileReference; lastKnownFileType = sourcecode.swift; path = NavBarView.swift; sourceTree = "<group>"; };
		F5315C6B2C9B0A3E001D65C4 /* MailManagerView.swift */ = {isa = PBXFileReference; lastKnownFileType = sourcecode.swift; path = MailManagerView.swift; sourceTree = "<group>"; };
		F571A99E2C9D756F007DA470 /* CareerOverviewView.swift */ = {isa = PBXFileReference; lastKnownFileType = sourcecode.swift; path = CareerOverviewView.swift; sourceTree = "<group>"; };
/* End PBXFileReference section */

/* Begin PBXFrameworksBuildPhase section */
		F5315C422C9989EC001D65C4 /* Frameworks */ = {
			isa = PBXFrameworksBuildPhase;
			buildActionMask = 2147483647;
			files = (
			);
			runOnlyForDeploymentPostprocessing = 0;
		};
/* End PBXFrameworksBuildPhase section */

/* Begin PBXGroup section */
		F5315C3C2C9989EC001D65C4 = {
			isa = PBXGroup;
			children = (
				F5315C472C9989EC001D65C4 /* MyPortfolio */,
				F5315C462C9989EC001D65C4 /* Products */,
			);
			sourceTree = "<group>";
		};
		F5315C462C9989EC001D65C4 /* Products */ = {
			isa = PBXGroup;
			children = (
				F5315C452C9989EC001D65C4 /* MyPortfolio.app */,
			);
			name = Products;
			sourceTree = "<group>";
		};
		F5315C472C9989EC001D65C4 /* MyPortfolio */ = {
			isa = PBXGroup;
			children = (
				F5315C482C9989EC001D65C4 /* MyPortfolioApp.swift */,
				F5315C4A2C9989EC001D65C4 /* ContentView.swift */,
				F5315C672C9B06A8001D65C4 /* NavBarView.swift */,
				F5315C582C9A16B8001D65C4 /* Views */,
				F5315C4C2C9989F2001D65C4 /* Assets.xcassets */,
				F5315C4E2C9989F2001D65C4 /* Preview Content */,
			);
			path = MyPortfolio;
			sourceTree = "<group>";
		};
		F5315C4E2C9989F2001D65C4 /* Preview Content */ = {
			isa = PBXGroup;
			children = (
				F5315C4F2C9989F2001D65C4 /* Preview Assets.xcassets */,
			);
			path = "Preview Content";
			sourceTree = "<group>";
		};
		F5315C582C9A16B8001D65C4 /* Views */ = {
			isa = PBXGroup;
			children = (
				F5315C562C99C128001D65C4 /* SplashScreenView.swift */,
				F5315C592C9A16CF001D65C4 /* ProfileView.swift */,
				F5315C5B2C9A16E1001D65C4 /* CVView.swift */,
				F5315C652C9AFE4C001D65C4 /* ReferencesView.swift */,
				F571A99E2C9D756F007DA470 /* CareerOverviewView.swift */,
				F5315C6A2C9B09A2001D65C4 /* Contacts */,
				F5315C692C9B07D7001D65C4 /* Projects */,
			);
			path = Views;
			sourceTree = "<group>";
		};
		F5315C692C9B07D7001D65C4 /* Projects */ = {
			isa = PBXGroup;
			children = (
				F5315C5D2C9A16F2001D65C4 /* ProjectsView.swift */,
				F5315C612C9AD46D001D65C4 /* ProjectItemView.swift */,
				F5315C5F2C9A23FE001D65C4 /* ProjectDetailView.swift */,
			);
			path = Projects;
			sourceTree = "<group>";
		};
		F5315C6A2C9B09A2001D65C4 /* Contacts */ = {
			isa = PBXGroup;
			children = (
				F5315C632C9AFDCD001D65C4 /* MyInfoView.swift */,
				F5315C6B2C9B0A3E001D65C4 /* MailManagerView.swift */,
			);
			path = Contacts;
			sourceTree = "<group>";
		};
/* End PBXGroup section */

/* Begin PBXNativeTarget section */
		F5315C442C9989EC001D65C4 /* MyPortfolio */ = {
			isa = PBXNativeTarget;
			buildConfigurationList = F5315C532C9989F2001D65C4 /* Build configuration list for PBXNativeTarget "MyPortfolio" */;
			buildPhases = (
				F5315C412C9989EC001D65C4 /* Sources */,
				F5315C422C9989EC001D65C4 /* Frameworks */,
				F5315C432C9989EC001D65C4 /* Resources */,
			);
			buildRules = (
			);
			dependencies = (
			);
			name = MyPortfolio;
			productName = MyPortfolio;
			productReference = F5315C452C9989EC001D65C4 /* MyPortfolio.app */;
			productType = "com.apple.product-type.application";
		};
/* End PBXNativeTarget section */

/* Begin PBXProject section */
		F5315C3D2C9989EC001D65C4 /* Project object */ = {
			isa = PBXProject;
			attributes = {
				BuildIndependentTargetsInParallel = 1;
				LastSwiftUpdateCheck = 1520;
				LastUpgradeCheck = 1520;
				TargetAttributes = {
					F5315C442C9989EC001D65C4 = {
						CreatedOnToolsVersion = 15.2;
					};
				};
			};
			buildConfigurationList = F5315C402C9989EC001D65C4 /* Build configuration list for PBXProject "MyPortfolio" */;
			compatibilityVersion = "Xcode 14.0";
			developmentRegion = en;
			hasScannedForEncodings = 0;
			knownRegions = (
				en,
				Base,
			);
			mainGroup = F5315C3C2C9989EC001D65C4;
			productRefGroup = F5315C462C9989EC001D65C4 /* Products */;
			projectDirPath = "";
			projectRoot = "";
			targets = (
				F5315C442C9989EC001D65C4 /* MyPortfolio */,
			);
		};
/* End PBXProject section */

/* Begin PBXResourcesBuildPhase section */
		F5315C432C9989EC001D65C4 /* Resources */ = {
			isa = PBXResourcesBuildPhase;
			buildActionMask = 2147483647;
			files = (
				F5315C502C9989F2001D65C4 /* Preview Assets.xcassets in Resources */,
				F5315C4D2C9989F2001D65C4 /* Assets.xcassets in Resources */,
			);
			runOnlyForDeploymentPostprocessing = 0;
		};
/* End PBXResourcesBuildPhase section */

/* Begin PBXSourcesBuildPhase section */
		F5315C412C9989EC001D65C4 /* Sources */ = {
			isa = PBXSourcesBuildPhase;
			buildActionMask = 2147483647;
			files = (
				F5315C682C9B06A8001D65C4 /* NavBarView.swift in Sources */,
				F5315C5E2C9A16F2001D65C4 /* ProjectsView.swift in Sources */,
				F5315C622C9AD46D001D65C4 /* ProjectItemView.swift in Sources */,
				F5315C662C9AFE4C001D65C4 /* ReferencesView.swift in Sources */,
				F5315C5A2C9A16CF001D65C4 /* ProfileView.swift in Sources */,
				F571A99F2C9D756F007DA470 /* CareerOverviewView.swift in Sources */,
				F5315C4B2C9989EC001D65C4 /* ContentView.swift in Sources */,
				F5315C642C9AFDCD001D65C4 /* MyInfoView.swift in Sources */,
				F5315C6C2C9B0A3E001D65C4 /* MailManagerView.swift in Sources */,
				F5315C492C9989EC001D65C4 /* MyPortfolioApp.swift in Sources */,
				F5315C5C2C9A16E1001D65C4 /* CVView.swift in Sources */,
				F5315C572C99C128001D65C4 /* SplashScreenView.swift in Sources */,
				F5315C602C9A23FE001D65C4 /* ProjectDetailView.swift in Sources */,
			);
			runOnlyForDeploymentPostprocessing = 0;
		};
/* End PBXSourcesBuildPhase section */

/* Begin XCBuildConfiguration section */
		F5315C512C9989F2001D65C4 /* Debug */ = {
			isa = XCBuildConfiguration;
			buildSettings = {
				ALWAYS_SEARCH_USER_PATHS = NO;
				ASSETCATALOG_COMPILER_GENERATE_SWIFT_ASSET_SYMBOL_EXTENSIONS = YES;
				CLANG_ANALYZER_NONNULL = YES;
				CLANG_ANALYZER_NUMBER_OBJECT_CONVERSION = YES_AGGRESSIVE;
				CLANG_CXX_LANGUAGE_STANDARD = "gnu++20";
				CLANG_ENABLE_MODULES = YES;
				CLANG_ENABLE_OBJC_ARC = YES;
				CLANG_ENABLE_OBJC_WEAK = YES;
				CLANG_WARN_BLOCK_CAPTURE_AUTORELEASING = YES;
				CLANG_WARN_BOOL_CONVERSION = YES;
				CLANG_WARN_COMMA = YES;
				CLANG_WARN_CONSTANT_CONVERSION = YES;
				CLANG_WARN_DEPRECATED_OBJC_IMPLEMENTATIONS = YES;
				CLANG_WARN_DIRECT_OBJC_ISA_USAGE = YES_ERROR;
				CLANG_WARN_DOCUMENTATION_COMMENTS = YES;
				CLANG_WARN_EMPTY_BODY = YES;
				CLANG_WARN_ENUM_CONVERSION = YES;
				CLANG_WARN_INFINITE_RECURSION = YES;
				CLANG_WARN_INT_CONVERSION = YES;
				CLANG_WARN_NON_LITERAL_NULL_CONVERSION = YES;
				CLANG_WARN_OBJC_IMPLICIT_RETAIN_SELF = YES;
				CLANG_WARN_OBJC_LITERAL_CONVERSION = YES;
				CLANG_WARN_OBJC_ROOT_CLASS = YES_ERROR;
				CLANG_WARN_QUOTED_INCLUDE_IN_FRAMEWORK_HEADER = YES;
				CLANG_WARN_RANGE_LOOP_ANALYSIS = YES;
				CLANG_WARN_STRICT_PROTOTYPES = YES;
				CLANG_WARN_SUSPICIOUS_MOVE = YES;
				CLANG_WARN_UNGUARDED_AVAILABILITY = YES_AGGRESSIVE;
				CLANG_WARN_UNREACHABLE_CODE = YES;
				CLANG_WARN__DUPLICATE_METHOD_MATCH = YES;
				COPY_PHASE_STRIP = NO;
				DEBUG_INFORMATION_FORMAT = dwarf;
				ENABLE_STRICT_OBJC_MSGSEND = YES;
				ENABLE_TESTABILITY = YES;
				ENABLE_USER_SCRIPT_SANDBOXING = YES;
				GCC_C_LANGUAGE_STANDARD = gnu17;
				GCC_DYNAMIC_NO_PIC = NO;
				GCC_NO_COMMON_BLOCKS = YES;
				GCC_OPTIMIZATION_LEVEL = 0;
				GCC_PREPROCESSOR_DEFINITIONS = (
					"DEBUG=1",
					"$(inherited)",
				);
				GCC_WARN_64_TO_32_BIT_CONVERSION = YES;
				GCC_WARN_ABOUT_RETURN_TYPE = YES_ERROR;
				GCC_WARN_UNDECLARED_SELECTOR = YES;
				GCC_WARN_UNINITIALIZED_AUTOS = YES_AGGRESSIVE;
				GCC_WARN_UNUSED_FUNCTION = YES;
				GCC_WARN_UNUSED_VARIABLE = YES;
				IPHONEOS_DEPLOYMENT_TARGET = 17.2;
				LOCALIZATION_PREFERS_STRING_CATALOGS = YES;
				MTL_ENABLE_DEBUG_INFO = INCLUDE_SOURCE;
				MTL_FAST_MATH = YES;
				ONLY_ACTIVE_ARCH = YES;
				SDKROOT = iphoneos;
				SWIFT_ACTIVE_COMPILATION_CONDITIONS = "DEBUG $(inherited)";
				SWIFT_OPTIMIZATION_LEVEL = "-Onone";
			};
			name = Debug;
		};
		F5315C522C9989F2001D65C4 /* Release */ = {
			isa = XCBuildConfiguration;
			buildSettings = {
				ALWAYS_SEARCH_USER_PATHS = NO;
				ASSETCATALOG_COMPILER_GENERATE_SWIFT_ASSET_SYMBOL_EXTENSIONS = YES;
				CLANG_ANALYZER_NONNULL = YES;
				CLANG_ANALYZER_NUMBER_OBJECT_CONVERSION = YES_AGGRESSIVE;
				CLANG_CXX_LANGUAGE_STANDARD = "gnu++20";
				CLANG_ENABLE_MODULES = YES;
				CLANG_ENABLE_OBJC_ARC = YES;
				CLANG_ENABLE_OBJC_WEAK = YES;
				CLANG_WARN_BLOCK_CAPTURE_AUTORELEASING = YES;
				CLANG_WARN_BOOL_CONVERSION = YES;
				CLANG_WARN_COMMA = YES;
				CLANG_WARN_CONSTANT_CONVERSION = YES;
				CLANG_WARN_DEPRECATED_OBJC_IMPLEMENTATIONS = YES;
				CLANG_WARN_DIRECT_OBJC_ISA_USAGE = YES_ERROR;
				CLANG_WARN_DOCUMENTATION_COMMENTS = YES;
				CLANG_WARN_EMPTY_BODY = YES;
				CLANG_WARN_ENUM_CONVERSION = YES;
				CLANG_WARN_INFINITE_RECURSION = YES;
				CLANG_WARN_INT_CONVERSION = YES;
				CLANG_WARN_NON_LITERAL_NULL_CONVERSION = YES;
				CLANG_WARN_OBJC_IMPLICIT_RETAIN_SELF = YES;
				CLANG_WARN_OBJC_LITERAL_CONVERSION = YES;
				CLANG_WARN_OBJC_ROOT_CLASS = YES_ERROR;
				CLANG_WARN_QUOTED_INCLUDE_IN_FRAMEWORK_HEADER = YES;
				CLANG_WARN_RANGE_LOOP_ANALYSIS = YES;
				CLANG_WARN_STRICT_PROTOTYPES = YES;
				CLANG_WARN_SUSPICIOUS_MOVE = YES;
				CLANG_WARN_UNGUARDED_AVAILABILITY = YES_AGGRESSIVE;
				CLANG_WARN_UNREACHABLE_CODE = YES;
				CLANG_WARN__DUPLICATE_METHOD_MATCH = YES;
				COPY_PHASE_STRIP = NO;
				DEBUG_INFORMATION_FORMAT = "dwarf-with-dsym";
				ENABLE_NS_ASSERTIONS = NO;
				ENABLE_STRICT_OBJC_MSGSEND = YES;
				ENABLE_USER_SCRIPT_SANDBOXING = YES;
				GCC_C_LANGUAGE_STANDARD = gnu17;
				GCC_NO_COMMON_BLOCKS = YES;
				GCC_WARN_64_TO_32_BIT_CONVERSION = YES;
				GCC_WARN_ABOUT_RETURN_TYPE = YES_ERROR;
				GCC_WARN_UNDECLARED_SELECTOR = YES;
				GCC_WARN_UNINITIALIZED_AUTOS = YES_AGGRESSIVE;
				GCC_WARN_UNUSED_FUNCTION = YES;
				GCC_WARN_UNUSED_VARIABLE = YES;
				IPHONEOS_DEPLOYMENT_TARGET = 17.2;
				LOCALIZATION_PREFERS_STRING_CATALOGS = YES;
				MTL_ENABLE_DEBUG_INFO = NO;
				MTL_FAST_MATH = YES;
				SDKROOT = iphoneos;
				SWIFT_COMPILATION_MODE = wholemodule;
				VALIDATE_PRODUCT = YES;
			};
			name = Release;
		};
		F5315C542C9989F2001D65C4 /* Debug */ = {
			isa = XCBuildConfiguration;
			buildSettings = {
				ASSETCATALOG_COMPILER_APPICON_NAME = AppIcon;
				ASSETCATALOG_COMPILER_GLOBAL_ACCENT_COLOR_NAME = AccentColor;
				CODE_SIGN_STYLE = Automatic;
				CURRENT_PROJECT_VERSION = 1;
				DEVELOPMENT_ASSET_PATHS = "\"MyPortfolio/Preview Content\"";
				DEVELOPMENT_TEAM = U6Q28UUNCC;
				ENABLE_PREVIEWS = YES;
				GENERATE_INFOPLIST_FILE = YES;
				INFOPLIST_KEY_UIApplicationSceneManifest_Generation = YES;
				INFOPLIST_KEY_UIApplicationSupportsIndirectInputEvents = YES;
				INFOPLIST_KEY_UILaunchScreen_Generation = YES;
				INFOPLIST_KEY_UISupportedInterfaceOrientations_iPad = "UIInterfaceOrientationPortrait UIInterfaceOrientationPortraitUpsideDown UIInterfaceOrientationLandscapeLeft UIInterfaceOrientationLandscapeRight";
				INFOPLIST_KEY_UISupportedInterfaceOrientations_iPhone = "UIInterfaceOrientationPortrait UIInterfaceOrientationLandscapeLeft UIInterfaceOrientationLandscapeRight";
				LD_RUNPATH_SEARCH_PATHS = (
					"$(inherited)",
					"@executable_path/Frameworks",
				);
				MARKETING_VERSION = 1.0;
				PRODUCT_BUNDLE_IDENTIFIER = se.adelhassanpour.MyPortfolio;
				PRODUCT_NAME = "$(TARGET_NAME)";
				SWIFT_EMIT_LOC_STRINGS = YES;
				SWIFT_VERSION = 5.0;
				TARGETED_DEVICE_FAMILY = "1,2";
			};
			name = Debug;
		};
		F5315C552C9989F2001D65C4 /* Release */ = {
			isa = XCBuildConfiguration;
			buildSettings = {
				ASSETCATALOG_COMPILER_APPICON_NAME = AppIcon;
				ASSETCATALOG_COMPILER_GLOBAL_ACCENT_COLOR_NAME = AccentColor;
				CODE_SIGN_STYLE = Automatic;
				CURRENT_PROJECT_VERSION = 1;
				DEVELOPMENT_ASSET_PATHS = "\"MyPortfolio/Preview Content\"";
				DEVELOPMENT_TEAM = U6Q28UUNCC;
				ENABLE_PREVIEWS = YES;
				GENERATE_INFOPLIST_FILE = YES;
				INFOPLIST_KEY_UIApplicationSceneManifest_Generation = YES;
				INFOPLIST_KEY_UIApplicationSupportsIndirectInputEvents = YES;
				INFOPLIST_KEY_UILaunchScreen_Generation = YES;
				INFOPLIST_KEY_UISupportedInterfaceOrientations_iPad = "UIInterfaceOrientationPortrait UIInterfaceOrientationPortraitUpsideDown UIInterfaceOrientationLandscapeLeft UIInterfaceOrientationLandscapeRight";
				INFOPLIST_KEY_UISupportedInterfaceOrientations_iPhone = "UIInterfaceOrientationPortrait UIInterfaceOrientationLandscapeLeft UIInterfaceOrientationLandscapeRight";
				LD_RUNPATH_SEARCH_PATHS = (
					"$(inherited)",
					"@executable_path/Frameworks",
				);
				MARKETING_VERSION = 1.0;
				PRODUCT_BUNDLE_IDENTIFIER = se.adelhassanpour.MyPortfolio;
				PRODUCT_NAME = "$(TARGET_NAME)";
				SWIFT_EMIT_LOC_STRINGS = YES;
				SWIFT_VERSION = 5.0;
				TARGETED_DEVICE_FAMILY = "1,2";
			};
			name = Release;
		};
/* End XCBuildConfiguration section */

/* Begin XCConfigurationList section */
		F5315C402C9989EC001D65C4 /* Build configuration list for PBXProject "MyPortfolio" */ = {
			isa = XCConfigurationList;
			buildConfigurations = (
				F5315C512C9989F2001D65C4 /* Debug */,
				F5315C522C9989F2001D65C4 /* Release */,
			);
			defaultConfigurationIsVisible = 0;
			defaultConfigurationName = Release;
		};
		F5315C532C9989F2001D65C4 /* Build configuration list for PBXNativeTarget "MyPortfolio" */ = {
			isa = XCConfigurationList;
			buildConfigurations = (
				F5315C542C9989F2001D65C4 /* Debug */,
				F5315C552C9989F2001D65C4 /* Release */,
			);
			defaultConfigurationIsVisible = 0;
			defaultConfigurationName = Release;
		};
/* End XCConfigurationList section */
	};
	rootObject = F5315C3D2C9989EC001D65C4 /* Project object */;
}
